
Microsoft Visual Studio Solution File, Format Version 12.00
# Visual Studio Version 17
VisualStudioVersion = 17.4.33213.308
MinimumVisualStudioVersion = 10.0.40219.1
Project("{FAE04EC0-301F-11D3-BF4B-00C04F79EFBC}") = "Flash_Storage", "Flash_Storage\Flash_Storage.csproj", "{BEB7096F-997A-4CEE-95AA-A7F7778A758E}"
EndProject
Project("{FAE04EC0-301F-11D3-BF4B-00C04F79EFBC}") = "StorageDLL", "StorageDLL\StorageDLL.csproj", "{614EECE1-5289-4A66-8970-5C940AA30234}"
EndProject
Project("{FAE04EC0-301F-11D3-BF4B-00C04F79EFBC}") = "PriceList", "PriceList\PriceList.csproj", "{2DF27EE5-9D63-479B-9B05-64109B114F7E}"
EndProject
Project("{FAE04EC0-301F-11D3-BF4B-00C04F79EFBC}") = "LogDLL", "LogDLL\LogDLL.csproj", "{D9E6C4B5-C825-4330-A288-6E04406A7394}"
EndProject
Project("{FAE04EC0-301F-11D3-BF4B-00C04F79EFBC}") = "SerializeDLL", "SerializeDLL\SerializeDLL.csproj", "{F139BC3F-4B35-400C-8BBC-E09AF3E3A166}"
EndProject
Global
	GlobalSection(SolutionConfigurationPlatforms) = preSolution
		Debug|Any CPU = Debug|Any CPU
		Release|Any CPU = Release|Any CPU
	EndGlobalSection
	GlobalSection(ProjectConfigurationPlatforms) = postSolution
		{BEB7096F-997A-4CEE-95AA-A7F7778A758E}.Debug|Any CPU.ActiveCfg = Debug|Any CPU
		{BEB7096F-997A-4CEE-95AA-A7F7778A758E}.Debug|Any CPU.Build.0 = Debug|Any CPU
		{BEB7096F-997A-4CEE-95AA-A7F7778A758E}.Release|Any CPU.ActiveCfg = Release|Any CPU
		{BEB7096F-997A-4CEE-95AA-A7F7778A758E}.Release|Any CPU.Build.0 = Release|Any CPU
		{614EECE1-5289-4A66-8970-5C940AA30234}.Debug|Any CPU.ActiveCfg = Debug|Any CPU
		{614EECE1-5289-4A66-8970-5C940AA30234}.Debug|Any CPU.Build.0 = Debug|Any CPU
		{614EECE1-5289-4A66-8970-5C940AA30234}.Release|Any CPU.ActiveCfg = Release|Any CPU
		{614EECE1-5289-4A66-8970-5C940AA30234}.Release|Any CPU.Build.0 = Release|Any CPU
		{2DF27EE5-9D63-479B-9B05-64109B114F7E}.Debug|Any CPU.ActiveCfg = Debug|Any CPU
		{2DF27EE5-9D63-479B-9B05-64109B114F7E}.Debug|Any CPU.Build.0 = Debug|Any CPU
		{2DF27EE5-9D63-479B-9B05-64109B114F7E}.Release|Any CPU.ActiveCfg = Release|Any CPU
		{2DF27EE5-9D63-479B-9B05-64109B114F7E}.Release|Any CPU.Build.0 = Release|Any CPU
		{D9E6C4B5-C825-4330-A288-6E04406A7394}.Debug|Any CPU.ActiveCfg = Debug|Any CPU
		{D9E6C4B5-C825-4330-A288-6E04406A7394}.Debug|Any CPU.Build.0 = Debug|Any CPU
		{D9E6C4B5-C825-4330-A288-6E04406A7394}.Release|Any CPU.ActiveCfg = Release|Any CPU
		{D9E6C4B5-C825-4330-A288-6E04406A7394}.Release|Any CPU.Build.0 = Release|Any CPU
		{F139BC3F-4B35-400C-8BBC-E09AF3E3A166}.Debug|Any CPU.ActiveCfg = Debug|Any CPU
		{F139BC3F-4B35-400C-8BBC-E09AF3E3A166}.Debug|Any CPU.Build.0 = Debug|Any CPU
		{F139BC3F-4B35-400C-8BBC-E09AF3E3A166}.Release|Any CPU.ActiveCfg = Release|Any CPU
		{F139BC3F-4B35-400C-8BBC-E09AF3E3A166}.Release|Any CPU.Build.0 = Release|Any CPU
	EndGlobalSection
	GlobalSection(SolutionProperties) = preSolution
		HideSolutionNode = FALSE
	EndGlobalSection
	GlobalSection(ExtensibilityGlobals) = postSolution
		SolutionGuid = {690ABC5A-F88C-4932-99BB-FF2578C21331}
	EndGlobalSection
EndGlobal
